{
    "version": 3,
    "terraform_version": "0.11.10",
    "serial": 4,
    "lineage": "22d17a04-9e71-39ed-5770-6dd6c0ac5150",
    "modules": [
        {
            "path": [
                "root"
            ],
            "outputs": {
                "ami": {
                    "sensitive": false,
                    "type": "string",
                    "value": "ami-0f65671a86f061fcd"
                }
            },
            "resources": {
                "aws_eip.ma-eip-1": {
                    "type": "aws_eip",
                    "depends_on": [
                        "aws_instance.ma-server-1"
                    ],
                    "primary": {
                        "id": "eipalloc-0b40fde6989e4a35a",
                        "attributes": {
                            "association_id": "eipassoc-05d7596eeaa1f786b",
                            "domain": "vpc",
                            "id": "eipalloc-0b40fde6989e4a35a",
                            "instance": "i-09a2ca41241b39f9c",
                            "network_interface": "eni-0eb879f5ddd09b5b4",
                            "private_ip": "172.31.33.237",
                            "public_ip": "3.16.94.119",
                            "tags.%": "0",
                            "vpc": "true"
                        },
                        "meta": {
                            "e2bfb730-ecaa-11e6-8f88-34363bc7c4c0": {
                                "delete": 180000000000,
                                "read": 900000000000,
                                "update": 300000000000
                            }
                        },
                        "tainted": false
                    },
                    "deposed": [],
                    "provider": "provider.aws"
                },
                "aws_instance.ma-server-1": {
                    "type": "aws_instance",
                    "depends_on": [
                        "aws_s3_bucket.ma-s3-bucket-1"
                    ],
                    "primary": {
                        "id": "i-09a2ca41241b39f9c",
                        "attributes": {
                            "ami": "ami-0f65671a86f061fcd",
                            "arn": "arn:aws:ec2:us-east-2:518733180870:instance/i-09a2ca41241b39f9c",
                            "associate_public_ip_address": "true",
                            "availability_zone": "us-east-2c",
                            "cpu_core_count": "1",
                            "cpu_threads_per_core": "1",
                            "credit_specification.#": "1",
                            "credit_specification.0.cpu_credits": "standard",
                            "disable_api_termination": "false",
                            "ebs_block_device.#": "0",
                            "ebs_optimized": "false",
                            "ephemeral_block_device.#": "0",
                            "get_password_data": "false",
                            "iam_instance_profile": "",
                            "id": "i-09a2ca41241b39f9c",
                            "instance_state": "running",
                            "instance_type": "t2.micro",
                            "ipv6_addresses.#": "0",
                            "key_name": "ma-key-pair",
                            "monitoring": "false",
                            "network_interface.#": "0",
                            "network_interface_id": "eni-0eb879f5ddd09b5b4",
                            "password_data": "",
                            "placement_group": "",
                            "primary_network_interface_id": "eni-0eb879f5ddd09b5b4",
                            "private_dns": "ip-172-31-33-237.us-east-2.compute.internal",
                            "private_ip": "172.31.33.237",
                            "public_dns": "ec2-18-222-30-115.us-east-2.compute.amazonaws.com",
                            "public_ip": "18.222.30.115",
                            "root_block_device.#": "1",
                            "root_block_device.0.delete_on_termination": "true",
                            "root_block_device.0.iops": "100",
                            "root_block_device.0.volume_id": "vol-0f37f6a08e983b1cf",
                            "root_block_device.0.volume_size": "8",
                            "root_block_device.0.volume_type": "gp2",
                            "security_groups.#": "1",
                            "security_groups.3814588639": "default",
                            "source_dest_check": "true",
                            "subnet_id": "subnet-2f2ae963",
                            "tags.%": "2",
                            "tags.serverGroup": "webservers",
                            "tags.serverStack": "automation_stack",
                            "tenancy": "default",
                            "volume_tags.%": "0",
                            "vpc_security_group_ids.#": "1",
                            "vpc_security_group_ids.2396764420": "sg-69b85305"
                        },
                        "meta": {
                            "e2bfb730-ecaa-11e6-8f88-34363bc7c4c0": {
                                "create": 600000000000,
                                "delete": 1200000000000,
                                "update": 600000000000
                            },
                            "schema_version": "1"
                        },
                        "tainted": false
                    },
                    "deposed": [],
                    "provider": "provider.aws"
                },
                "aws_s3_bucket.ma-s3-bucket-1": {
                    "type": "aws_s3_bucket",
                    "depends_on": [],
                    "primary": {
                        "id": "ma-s3-bucket-1-data",
                        "attributes": {
                            "acceleration_status": "",
                            "acl": "private",
                            "arn": "arn:aws:s3:::ma-s3-bucket-1-data",
                            "bucket": "ma-s3-bucket-1-data",
                            "bucket_domain_name": "ma-s3-bucket-1-data.s3.amazonaws.com",
                            "bucket_regional_domain_name": "ma-s3-bucket-1-data.s3.us-east-2.amazonaws.com",
                            "cors_rule.#": "0",
                            "force_destroy": "false",
                            "hosted_zone_id": "Z2O1EMRO9K5GLX",
                            "id": "ma-s3-bucket-1-data",
                            "lifecycle_rule.#": "0",
                            "logging.#": "0",
                            "region": "us-east-2",
                            "replication_configuration.#": "0",
                            "request_payer": "BucketOwner",
                            "server_side_encryption_configuration.#": "0",
                            "tags.%": "0",
                            "versioning.#": "1",
                            "versioning.0.enabled": "false",
                            "versioning.0.mfa_delete": "false",
                            "website.#": "0"
                        },
                        "meta": {},
                        "tainted": false
                    },
                    "deposed": [],
                    "provider": "provider.aws"
                }
            },
            "depends_on": []
        }
    ]
}
